# This file was autogenerated by Stack.
# You should not edit this file by hand.
# For more information, please see the documentation at:
#   https://docs.haskellstack.org/en/stable/lock_files

packages:
- completed:
    name: walkable-map
    version: 0.1.0.0
    git: https://github.com/yitsushi/walkable-map-hs.git
    pantry-tree:
      size: 652
      sha256: a2aeef894ff38d6c080b4c8d5b27c8fae7d4444fc5cea791532f56d8c15b620c
    commit: 5269e92d948fe6b1772cefd0254ca4d65bdfe502
  original:
    git: https://github.com/yitsushi/walkable-map-hs.git
    commit: 5269e92d948fe6b1772cefd0254ca4d65bdfe502
snapshots:
- completed:
    size: 494638
    url: https://raw.githubusercontent.com/commercialhaskell/stackage-snapshots/master/lts/15/11.yaml
    sha256: 5747328cdcbb8fe9c96fc048b5566167c80dd176a41b52d3b363058e3cc1dc5d
  original: lts-15.11
