# This file was autogenerated by Stack.
# You should not edit this file by hand.
# For more information, please see the documentation at:
#   https://docs.haskellstack.org/en/stable/lock_files

packages:
- completed:
    cabal-file:
      size: 1276
      sha256: dd12bb5c5af53e9c0c850fcff36019bf7e95f141feb02c1ae30271c44882003c
    name: walkable-map
    version: 0.1.0.0
    git: https://github.com/yitsushi/walkable-map-hs.git
    pantry-tree:
      size: 652
      sha256: 373d6a6be9573c4ba0204ca5a45162cd2bb0fa50de5027826040f02cad450cda
    commit: f45fc4c4f14eeffba942efc31cf043b278d1451a
  original:
    git: https://github.com/yitsushi/walkable-map-hs.git
    commit: f45fc4c4f14eeffba942efc31cf043b278d1451a
snapshots:
- completed:
    size: 525663
    url: https://raw.githubusercontent.com/commercialhaskell/stackage-snapshots/master/lts/14/14.yaml
    sha256: 6edc48df46eb8bf7b861e98dd30d021a92c2e1820c9bb6528aac5d997b0e14ef
  original: lts-14.14
